// !$*UTF8*$!
{
	archiveVersion = 1;
	classes = {
	};
	objectVersion = 50;
	objects = {

/* Begin PBXBuildFile section */
		4FEB6663065F8594921B1509 /* Pods_Shuffle_Songs.framework in Frameworks */ = {isa = PBXBuildFile; fileRef = EF748D9B0B9B749989AD00DD /* Pods_Shuffle_Songs.framework */; };
		75AFF4425D41845AEE9F8826 /* Pods_Shuffle_SongsUITests.framework in Frameworks */ = {isa = PBXBuildFile; fileRef = A867D051D48C4763D1FB2377 /* Pods_Shuffle_SongsUITests.framework */; };
		AD6CDA0721E63B6900AF38FE /* LaunchScreen.storyboard in Resources */ = {isa = PBXBuildFile; fileRef = AD6CDA0521E63B6900AF38FE /* LaunchScreen.storyboard */; };
		AD6CDA1D21E63B6A00AF38FE /* Shuffle_SongsUITests.swift in Sources */ = {isa = PBXBuildFile; fileRef = AD6CDA1C21E63B6A00AF38FE /* Shuffle_SongsUITests.swift */; };
		AD6CDA3621E63D1900AF38FE /* AppDelegate.swift in Sources */ = {isa = PBXBuildFile; fileRef = AD6CDA3121E63D1900AF38FE /* AppDelegate.swift */; };
		AD6CDA3721E63D1900AF38FE /* Assets.xcassets in Resources */ = {isa = PBXBuildFile; fileRef = AD6CDA3321E63D1900AF38FE /* Assets.xcassets */; };
		AD6CDA3D21E6401B00AF38FE /* Controller.swift in Sources */ = {isa = PBXBuildFile; fileRef = AD6CDA3C21E6401B00AF38FE /* Controller.swift */; };
		AD6CDA3F21E6404100AF38FE /* BaseViewController.swift in Sources */ = {isa = PBXBuildFile; fileRef = AD6CDA3E21E6404100AF38FE /* BaseViewController.swift */; };
		AD6CDA4121E6407500AF38FE /* View.swift in Sources */ = {isa = PBXBuildFile; fileRef = AD6CDA4021E6407500AF38FE /* View.swift */; };
		AD6CDA4321E6408A00AF38FE /* BaseView.swift in Sources */ = {isa = PBXBuildFile; fileRef = AD6CDA4221E6408A00AF38FE /* BaseView.swift */; };
		AD6CDA4D21E642D600AF38FE /* Domain.h in Headers */ = {isa = PBXBuildFile; fileRef = AD6CDA4B21E642D600AF38FE /* Domain.h */; settings = {ATTRIBUTES = (Public, ); }; };
		AD6CDA5021E642D600AF38FE /* Domain.framework in Frameworks */ = {isa = PBXBuildFile; fileRef = AD6CDA4921E642D600AF38FE /* Domain.framework */; };
		AD6CDA5121E642D600AF38FE /* Domain.framework in Embed Frameworks */ = {isa = PBXBuildFile; fileRef = AD6CDA4921E642D600AF38FE /* Domain.framework */; settings = {ATTRIBUTES = (CodeSignOnCopy, RemoveHeadersOnCopy, ); }; };
		AD6CDA5A21E6431100AF38FE /* UseCaseFactory.swift in Sources */ = {isa = PBXBuildFile; fileRef = AD6CDA5921E6431100AF38FE /* UseCaseFactory.swift */; };
		AD6CDA5C21E6432D00AF38FE /* Result.swift in Sources */ = {isa = PBXBuildFile; fileRef = AD6CDA5B21E6432D00AF38FE /* Result.swift */; };
		AD6CDA5E21E643C400AF38FE /* Artist.swift in Sources */ = {isa = PBXBuildFile; fileRef = AD6CDA5D21E643C400AF38FE /* Artist.swift */; };
		AD6CDA6021E6440500AF38FE /* Identity.swift in Sources */ = {isa = PBXBuildFile; fileRef = AD6CDA5F21E6440500AF38FE /* Identity.swift */; };
		AD6CDA6221E6449B00AF38FE /* Track.swift in Sources */ = {isa = PBXBuildFile; fileRef = AD6CDA6121E6449B00AF38FE /* Track.swift */; };
		AD6CDA6521E645C000AF38FE /* GetTracksByArtistListWithLimitUseCase.swift in Sources */ = {isa = PBXBuildFile; fileRef = AD6CDA6421E645C000AF38FE /* GetTracksByArtistListWithLimitUseCase.swift */; };
		AD6CDA6721E6461700AF38FE /* ShuffleSongsUseCase.swift in Sources */ = {isa = PBXBuildFile; fileRef = AD6CDA6621E6461700AF38FE /* ShuffleSongsUseCase.swift */; };
		AD6CDA6921E6463E00AF38FE /* MusicRepository.swift in Sources */ = {isa = PBXBuildFile; fileRef = AD6CDA6821E6463E00AF38FE /* MusicRepository.swift */; };
		AD6CDA8621E6C93200AF38FE /* APIProvider.h in Headers */ = {isa = PBXBuildFile; fileRef = AD6CDA8421E6C93200AF38FE /* APIProvider.h */; settings = {ATTRIBUTES = (Public, ); }; };
		AD6CDA8921E6C93200AF38FE /* APIProvider.framework in Frameworks */ = {isa = PBXBuildFile; fileRef = AD6CDA8221E6C93200AF38FE /* APIProvider.framework */; };
		AD6CDA8A21E6C93200AF38FE /* APIProvider.framework in Embed Frameworks */ = {isa = PBXBuildFile; fileRef = AD6CDA8221E6C93200AF38FE /* APIProvider.framework */; settings = {ATTRIBUTES = (CodeSignOnCopy, RemoveHeadersOnCopy, ); }; };
		AD6CDA9221E6C95E00AF38FE /* MusicRepository.swift in Sources */ = {isa = PBXBuildFile; fileRef = AD6CDA9121E6C95E00AF38FE /* MusicRepository.swift */; };
		AD6CDA9421E6C96700AF38FE /* UseCaseFactory.swift in Sources */ = {isa = PBXBuildFile; fileRef = AD6CDA9321E6C96700AF38FE /* UseCaseFactory.swift */; };
		AD6CDA9621E6C97000AF38FE /* Artist.swift in Sources */ = {isa = PBXBuildFile; fileRef = AD6CDA9521E6C97000AF38FE /* Artist.swift */; };
		AD6CDA9821E6C97700AF38FE /* Track.swift in Sources */ = {isa = PBXBuildFile; fileRef = AD6CDA9721E6C97700AF38FE /* Track.swift */; };
		AD6CDA9B21E7801600AF38FE /* NetworkService.swift in Sources */ = {isa = PBXBuildFile; fileRef = AD6CDA9A21E7801600AF38FE /* NetworkService.swift */; };
		AD7F087A21E82FA4004B39F0 /* TrackListItemCell.swift in Sources */ = {isa = PBXBuildFile; fileRef = AD7F087921E82FA4004B39F0 /* TrackListItemCell.swift */; };
		AD7F087C21E8314F004B39F0 /* TrackListAdapter.swift in Sources */ = {isa = PBXBuildFile; fileRef = AD7F087B21E8314F004B39F0 /* TrackListAdapter.swift */; };
		AD7F088021E8E192004B39F0 /* UIViewController+Util.swift in Sources */ = {isa = PBXBuildFile; fileRef = AD7F087F21E8E192004B39F0 /* UIViewController+Util.swift */; };
		AD7F088321E8E1B0004B39F0 /* Appearance.swift in Sources */ = {isa = PBXBuildFile; fileRef = AD7F088221E8E1B0004B39F0 /* Appearance.swift */; };
		AD7F088521E8E1D5004B39F0 /* AppNavigationController.swift in Sources */ = {isa = PBXBuildFile; fileRef = AD7F088421E8E1D5004B39F0 /* AppNavigationController.swift */; };
		AD7F088721E8E62A004B39F0 /* UIImageView+Download.swift in Sources */ = {isa = PBXBuildFile; fileRef = AD7F088621E8E62A004B39F0 /* UIImageView+Download.swift */; };
		AD7F088921E8EF08004B39F0 /* ImageLoader.swift in Sources */ = {isa = PBXBuildFile; fileRef = AD7F088821E8EF08004B39F0 /* ImageLoader.swift */; };
		AD7F088B21E8F0EA004B39F0 /* GradientView.swift in Sources */ = {isa = PBXBuildFile; fileRef = AD7F088A21E8F0EA004B39F0 /* GradientView.swift */; };
		AD7F088E21E8F534004B39F0 /* SplashController.swift in Sources */ = {isa = PBXBuildFile; fileRef = AD7F088D21E8F534004B39F0 /* SplashController.swift */; };
		AD7F089021E8F53C004B39F0 /* SplashView.swift in Sources */ = {isa = PBXBuildFile; fileRef = AD7F088F21E8F53C004B39F0 /* SplashView.swift */; };
		AD7F089321E942B2004B39F0 /* GetTracksByArtistListWithLimitUseCaseTests.swift in Sources */ = {isa = PBXBuildFile; fileRef = AD7F089221E942B2004B39F0 /* GetTracksByArtistListWithLimitUseCaseTests.swift */; };
		AD7F089621E9435F004B39F0 /* MusicRepositoryMock.swift in Sources */ = {isa = PBXBuildFile; fileRef = AD7F089521E9435F004B39F0 /* MusicRepositoryMock.swift */; };
		AD7F089821E945EE004B39F0 /* Tests.swift in Sources */ = {isa = PBXBuildFile; fileRef = AD7F089721E945EE004B39F0 /* Tests.swift */; };
		AD7F08A221E94840004B39F0 /* APIProvider.framework in Frameworks */ = {isa = PBXBuildFile; fileRef = AD6CDA8221E6C93200AF38FE /* APIProvider.framework */; };
		AD7F08A821E948CB004B39F0 /* FileReader.swift in Sources */ = {isa = PBXBuildFile; fileRef = ADF5661A21E7DCF6007EDAC8 /* FileReader.swift */; };
		AD7F08A921E948CB004B39F0 /* NetworkServiceMock.swift in Sources */ = {isa = PBXBuildFile; fileRef = ADF5661421E7BA79007EDAC8 /* NetworkServiceMock.swift */; };
		AD7F08AA21E948CB004B39F0 /* MusicRepositoryTests.swift in Sources */ = {isa = PBXBuildFile; fileRef = ADF5661121E7BA15007EDAC8 /* MusicRepositoryTests.swift */; };
		AD7F08AB21EA037C004B39F0 /* lookup_valid.json in Resources */ = {isa = PBXBuildFile; fileRef = ADF5661721E7DC6C007EDAC8 /* lookup_valid.json */; };
		AD7F08AC21EA037C004B39F0 /* lookup_empty_response.json in Resources */ = {isa = PBXBuildFile; fileRef = ADF5661C21E7F176007EDAC8 /* lookup_empty_response.json */; };
		ADF5660C21E7B768007EDAC8 /* DomainConvertibleType.swift in Sources */ = {isa = PBXBuildFile; fileRef = ADF5660B21E7B768007EDAC8 /* DomainConvertibleType.swift */; };
		ADF5660E21E7B964007EDAC8 /* WrappedType.swift in Sources */ = {isa = PBXBuildFile; fileRef = ADF5660D21E7B964007EDAC8 /* WrappedType.swift */; };
		ADF5661021E7B97D007EDAC8 /* APIResponses.swift in Sources */ = {isa = PBXBuildFile; fileRef = ADF5660F21E7B97D007EDAC8 /* APIResponses.swift */; };
		ADF5662521E7FA3B007EDAC8 /* ShuffleSongsUseCaseTests.swift in Sources */ = {isa = PBXBuildFile; fileRef = ADF5662421E7FA3B007EDAC8 /* ShuffleSongsUseCaseTests.swift */; };
		ADF5662721E7FA3B007EDAC8 /* Domain.framework in Frameworks */ = {isa = PBXBuildFile; fileRef = AD6CDA4921E642D600AF38FE /* Domain.framework */; };
		ADF5663021E82515007EDAC8 /* TrackListController.swift in Sources */ = {isa = PBXBuildFile; fileRef = ADF5662F21E82515007EDAC8 /* TrackListController.swift */; };
		ADF5663221E8252F007EDAC8 /* TrackListView.swift in Sources */ = {isa = PBXBuildFile; fileRef = ADF5663121E8252F007EDAC8 /* TrackListView.swift */; };
		E2F6B5CBD883EFE57B1F53FF /* Pods_Shuffle_SongsTests.framework in Frameworks */ = {isa = PBXBuildFile; fileRef = 64BE84128EAC9A5827E0CA50 /* Pods_Shuffle_SongsTests.framework */; };
/* End PBXBuildFile section */

/* Begin PBXContainerItemProxy section */
		AD6CDA0E21E63B6A00AF38FE /* PBXContainerItemProxy */ = {
			isa = PBXContainerItemProxy;
			containerPortal = AD6CD9F121E63B5A00AF38FE /* Project object */;
			proxyType = 1;
			remoteGlobalIDString = AD6CD9F821E63B5A00AF38FE;
			remoteInfo = "Shuffle Songs";
		};
		AD6CDA1921E63B6A00AF38FE /* PBXContainerItemProxy */ = {
			isa = PBXContainerItemProxy;
			containerPortal = AD6CD9F121E63B5A00AF38FE /* Project object */;
			proxyType = 1;
			remoteGlobalIDString = AD6CD9F821E63B5A00AF38FE;
			remoteInfo = "Shuffle Songs";
		};
		AD6CDA4E21E642D600AF38FE /* PBXContainerItemProxy */ = {
			isa = PBXContainerItemProxy;
			containerPortal = AD6CD9F121E63B5A00AF38FE /* Project object */;
			proxyType = 1;
			remoteGlobalIDString = AD6CDA4821E642D600AF38FE;
			remoteInfo = Domain;
		};
		AD6CDA8721E6C93200AF38FE /* PBXContainerItemProxy */ = {
			isa = PBXContainerItemProxy;
			containerPortal = AD6CD9F121E63B5A00AF38FE /* Project object */;
			proxyType = 1;
			remoteGlobalIDString = AD6CDA8121E6C93200AF38FE;
			remoteInfo = APIProvider;
		};
		AD6CDAC021E795C700AF38FE /* PBXContainerItemProxy */ = {
			isa = PBXContainerItemProxy;
			containerPortal = AD6CD9F121E63B5A00AF38FE /* Project object */;
			proxyType = 1;
			remoteGlobalIDString = AD6CDA4821E642D600AF38FE;
			remoteInfo = Domain;
		};
		AD7F08A321E94840004B39F0 /* PBXContainerItemProxy */ = {
			isa = PBXContainerItemProxy;
			containerPortal = AD6CD9F121E63B5A00AF38FE /* Project object */;
			proxyType = 1;
			remoteGlobalIDString = AD6CDA8121E6C93200AF38FE;
			remoteInfo = APIProvider;
		};
		ADF5662821E7FA3B007EDAC8 /* PBXContainerItemProxy */ = {
			isa = PBXContainerItemProxy;
			containerPortal = AD6CD9F121E63B5A00AF38FE /* Project object */;
			proxyType = 1;
			remoteGlobalIDString = AD6CDA4821E642D600AF38FE;
			remoteInfo = Domain;
		};
/* End PBXContainerItemProxy section */

/* Begin PBXCopyFilesBuildPhase section */
		AD6CDA5521E642D600AF38FE /* Embed Frameworks */ = {
			isa = PBXCopyFilesBuildPhase;
			buildActionMask = 2147483647;
			dstPath = "";
			dstSubfolderSpec = 10;
			files = (
				AD6CDA8A21E6C93200AF38FE /* APIProvider.framework in Embed Frameworks */,
				AD6CDA5121E642D600AF38FE /* Domain.framework in Embed Frameworks */,
			);
			name = "Embed Frameworks";
			runOnlyForDeploymentPostprocessing = 0;
		};
/* End PBXCopyFilesBuildPhase section */

/* Begin PBXFileReference section */
		5A79388B20505417A6BC2779 /* Pods-Shuffle SongsTests.debug.xcconfig */ = {isa = PBXFileReference; includeInIndex = 1; lastKnownFileType = text.xcconfig; name = "Pods-Shuffle SongsTests.debug.xcconfig"; path = "Pods/Target Support Files/Pods-Shuffle SongsTests/Pods-Shuffle SongsTests.debug.xcconfig"; sourceTree = "<group>"; };
		64BE84128EAC9A5827E0CA50 /* Pods_Shuffle_SongsTests.framework */ = {isa = PBXFileReference; explicitFileType = wrapper.framework; includeInIndex = 0; path = Pods_Shuffle_SongsTests.framework; sourceTree = BUILT_PRODUCTS_DIR; };
		728144658072344FDB4DF329 /* Pods-Shuffle SongsUITests.release.xcconfig */ = {isa = PBXFileReference; includeInIndex = 1; lastKnownFileType = text.xcconfig; name = "Pods-Shuffle SongsUITests.release.xcconfig"; path = "Pods/Target Support Files/Pods-Shuffle SongsUITests/Pods-Shuffle SongsUITests.release.xcconfig"; sourceTree = "<group>"; };
		889978EE5A171153A1CA73DC /* Pods-Shuffle Songs.debug.xcconfig */ = {isa = PBXFileReference; includeInIndex = 1; lastKnownFileType = text.xcconfig; name = "Pods-Shuffle Songs.debug.xcconfig"; path = "Pods/Target Support Files/Pods-Shuffle Songs/Pods-Shuffle Songs.debug.xcconfig"; sourceTree = "<group>"; };
		9ECB189B94F6350A305D5331 /* Pods-Shuffle SongsUITests.debug.xcconfig */ = {isa = PBXFileReference; includeInIndex = 1; lastKnownFileType = text.xcconfig; name = "Pods-Shuffle SongsUITests.debug.xcconfig"; path = "Pods/Target Support Files/Pods-Shuffle SongsUITests/Pods-Shuffle SongsUITests.debug.xcconfig"; sourceTree = "<group>"; };
		A035B951D0B182DCA97D582C /* Pods-Shuffle SongsTests.release.xcconfig */ = {isa = PBXFileReference; includeInIndex = 1; lastKnownFileType = text.xcconfig; name = "Pods-Shuffle SongsTests.release.xcconfig"; path = "Pods/Target Support Files/Pods-Shuffle SongsTests/Pods-Shuffle SongsTests.release.xcconfig"; sourceTree = "<group>"; };
		A867D051D48C4763D1FB2377 /* Pods_Shuffle_SongsUITests.framework */ = {isa = PBXFileReference; explicitFileType = wrapper.framework; includeInIndex = 0; path = Pods_Shuffle_SongsUITests.framework; sourceTree = BUILT_PRODUCTS_DIR; };
		AD6CD9F921E63B5A00AF38FE /* Shuffle Songs.app */ = {isa = PBXFileReference; explicitFileType = wrapper.application; includeInIndex = 0; path = "Shuffle Songs.app"; sourceTree = BUILT_PRODUCTS_DIR; };
		AD6CDA0621E63B6900AF38FE /* Base */ = {isa = PBXFileReference; lastKnownFileType = file.storyboard; name = Base; path = Base.lproj/LaunchScreen.storyboard; sourceTree = "<group>"; };
		AD6CDA0D21E63B6A00AF38FE /* Shuffle SongsTests.xctest */ = {isa = PBXFileReference; explicitFileType = wrapper.cfbundle; includeInIndex = 0; path = "Shuffle SongsTests.xctest"; sourceTree = BUILT_PRODUCTS_DIR; };
		AD6CDA1321E63B6A00AF38FE /* Info.plist */ = {isa = PBXFileReference; lastKnownFileType = text.plist.xml; path = Info.plist; sourceTree = "<group>"; };
		AD6CDA1821E63B6A00AF38FE /* Shuffle SongsUITests.xctest */ = {isa = PBXFileReference; explicitFileType = wrapper.cfbundle; includeInIndex = 0; path = "Shuffle SongsUITests.xctest"; sourceTree = BUILT_PRODUCTS_DIR; };
		AD6CDA1C21E63B6A00AF38FE /* Shuffle_SongsUITests.swift */ = {isa = PBXFileReference; lastKnownFileType = sourcecode.swift; path = Shuffle_SongsUITests.swift; sourceTree = "<group>"; };
		AD6CDA1E21E63B6A00AF38FE /* Info.plist */ = {isa = PBXFileReference; lastKnownFileType = text.plist.xml; path = Info.plist; sourceTree = "<group>"; };
		AD6CDA3121E63D1900AF38FE /* AppDelegate.swift */ = {isa = PBXFileReference; fileEncoding = 4; lastKnownFileType = sourcecode.swift; path = AppDelegate.swift; sourceTree = "<group>"; };
		AD6CDA3321E63D1900AF38FE /* Assets.xcassets */ = {isa = PBXFileReference; lastKnownFileType = folder.assetcatalog; path = Assets.xcassets; sourceTree = "<group>"; };
		AD6CDA3521E63D1900AF38FE /* Info.plist */ = {isa = PBXFileReference; fileEncoding = 4; lastKnownFileType = text.plist.xml; path = Info.plist; sourceTree = "<group>"; };
		AD6CDA3C21E6401B00AF38FE /* Controller.swift */ = {isa = PBXFileReference; lastKnownFileType = sourcecode.swift; path = Controller.swift; sourceTree = "<group>"; };
		AD6CDA3E21E6404100AF38FE /* BaseViewController.swift */ = {isa = PBXFileReference; lastKnownFileType = sourcecode.swift; path = BaseViewController.swift; sourceTree = "<group>"; };
		AD6CDA4021E6407500AF38FE /* View.swift */ = {isa = PBXFileReference; lastKnownFileType = sourcecode.swift; path = View.swift; sourceTree = "<group>"; };
		AD6CDA4221E6408A00AF38FE /* BaseView.swift */ = {isa = PBXFileReference; lastKnownFileType = sourcecode.swift; path = BaseView.swift; sourceTree = "<group>"; };
		AD6CDA4921E642D600AF38FE /* Domain.framework */ = {isa = PBXFileReference; explicitFileType = wrapper.framework; includeInIndex = 0; path = Domain.framework; sourceTree = BUILT_PRODUCTS_DIR; };
		AD6CDA4B21E642D600AF38FE /* Domain.h */ = {isa = PBXFileReference; lastKnownFileType = sourcecode.c.h; path = Domain.h; sourceTree = "<group>"; };
		AD6CDA4C21E642D600AF38FE /* Info.plist */ = {isa = PBXFileReference; lastKnownFileType = text.plist.xml; path = Info.plist; sourceTree = "<group>"; };
		AD6CDA5921E6431100AF38FE /* UseCaseFactory.swift */ = {isa = PBXFileReference; lastKnownFileType = sourcecode.swift; path = UseCaseFactory.swift; sourceTree = "<group>"; };
		AD6CDA5B21E6432D00AF38FE /* Result.swift */ = {isa = PBXFileReference; lastKnownFileType = sourcecode.swift; path = Result.swift; sourceTree = "<group>"; };
		AD6CDA5D21E643C400AF38FE /* Artist.swift */ = {isa = PBXFileReference; lastKnownFileType = sourcecode.swift; path = Artist.swift; sourceTree = "<group>"; };
		AD6CDA5F21E6440500AF38FE /* Identity.swift */ = {isa = PBXFileReference; lastKnownFileType = sourcecode.swift; path = Identity.swift; sourceTree = "<group>"; };
		AD6CDA6121E6449B00AF38FE /* Track.swift */ = {isa = PBXFileReference; lastKnownFileType = sourcecode.swift; path = Track.swift; sourceTree = "<group>"; };
		AD6CDA6421E645C000AF38FE /* GetTracksByArtistListWithLimitUseCase.swift */ = {isa = PBXFileReference; lastKnownFileType = sourcecode.swift; path = GetTracksByArtistListWithLimitUseCase.swift; sourceTree = "<group>"; };
		AD6CDA6621E6461700AF38FE /* ShuffleSongsUseCase.swift */ = {isa = PBXFileReference; lastKnownFileType = sourcecode.swift; path = ShuffleSongsUseCase.swift; sourceTree = "<group>"; };
		AD6CDA6821E6463E00AF38FE /* MusicRepository.swift */ = {isa = PBXFileReference; lastKnownFileType = sourcecode.swift; path = MusicRepository.swift; sourceTree = "<group>"; };
		AD6CDA8221E6C93200AF38FE /* APIProvider.framework */ = {isa = PBXFileReference; explicitFileType = wrapper.framework; includeInIndex = 0; path = APIProvider.framework; sourceTree = BUILT_PRODUCTS_DIR; };
		AD6CDA8421E6C93200AF38FE /* APIProvider.h */ = {isa = PBXFileReference; lastKnownFileType = sourcecode.c.h; path = APIProvider.h; sourceTree = "<group>"; };
		AD6CDA8521E6C93200AF38FE /* Info.plist */ = {isa = PBXFileReference; lastKnownFileType = text.plist.xml; path = Info.plist; sourceTree = "<group>"; };
		AD6CDA9121E6C95E00AF38FE /* MusicRepository.swift */ = {isa = PBXFileReference; lastKnownFileType = sourcecode.swift; path = MusicRepository.swift; sourceTree = "<group>"; };
		AD6CDA9321E6C96700AF38FE /* UseCaseFactory.swift */ = {isa = PBXFileReference; lastKnownFileType = sourcecode.swift; path = UseCaseFactory.swift; sourceTree = "<group>"; };
		AD6CDA9521E6C97000AF38FE /* Artist.swift */ = {isa = PBXFileReference; lastKnownFileType = sourcecode.swift; path = Artist.swift; sourceTree = "<group>"; };
		AD6CDA9721E6C97700AF38FE /* Track.swift */ = {isa = PBXFileReference; lastKnownFileType = sourcecode.swift; path = Track.swift; sourceTree = "<group>"; };
		AD6CDA9A21E7801600AF38FE /* NetworkService.swift */ = {isa = PBXFileReference; lastKnownFileType = sourcecode.swift; path = NetworkService.swift; sourceTree = "<group>"; };
		AD6CDAAE21E786AF00AF38FE /* APIProviderTests.xctest */ = {isa = PBXFileReference; explicitFileType = wrapper.cfbundle; includeInIndex = 0; path = APIProviderTests.xctest; sourceTree = BUILT_PRODUCTS_DIR; };
		AD6CDAB221E786B000AF38FE /* Info.plist */ = {isa = PBXFileReference; lastKnownFileType = text.plist.xml; path = Info.plist; sourceTree = "<group>"; };
		AD7F087921E82FA4004B39F0 /* TrackListItemCell.swift */ = {isa = PBXFileReference; lastKnownFileType = sourcecode.swift; path = TrackListItemCell.swift; sourceTree = "<group>"; };
		AD7F087B21E8314F004B39F0 /* TrackListAdapter.swift */ = {isa = PBXFileReference; lastKnownFileType = sourcecode.swift; path = TrackListAdapter.swift; sourceTree = "<group>"; };
		AD7F087F21E8E192004B39F0 /* UIViewController+Util.swift */ = {isa = PBXFileReference; lastKnownFileType = sourcecode.swift; path = "UIViewController+Util.swift"; sourceTree = "<group>"; };
		AD7F088221E8E1B0004B39F0 /* Appearance.swift */ = {isa = PBXFileReference; lastKnownFileType = sourcecode.swift; path = Appearance.swift; sourceTree = "<group>"; };
		AD7F088421E8E1D5004B39F0 /* AppNavigationController.swift */ = {isa = PBXFileReference; lastKnownFileType = sourcecode.swift; path = AppNavigationController.swift; sourceTree = "<group>"; };
		AD7F088621E8E62A004B39F0 /* UIImageView+Download.swift */ = {isa = PBXFileReference; lastKnownFileType = sourcecode.swift; path = "UIImageView+Download.swift"; sourceTree = "<group>"; };
		AD7F088821E8EF08004B39F0 /* ImageLoader.swift */ = {isa = PBXFileReference; lastKnownFileType = sourcecode.swift; path = ImageLoader.swift; sourceTree = "<group>"; };
		AD7F088A21E8F0EA004B39F0 /* GradientView.swift */ = {isa = PBXFileReference; lastKnownFileType = sourcecode.swift; path = GradientView.swift; sourceTree = "<group>"; };
		AD7F088D21E8F534004B39F0 /* SplashController.swift */ = {isa = PBXFileReference; lastKnownFileType = sourcecode.swift; path = SplashController.swift; sourceTree = "<group>"; };
		AD7F088F21E8F53C004B39F0 /* SplashView.swift */ = {isa = PBXFileReference; lastKnownFileType = sourcecode.swift; path = SplashView.swift; sourceTree = "<group>"; };
		AD7F089221E942B2004B39F0 /* GetTracksByArtistListWithLimitUseCaseTests.swift */ = {isa = PBXFileReference; lastKnownFileType = sourcecode.swift; path = GetTracksByArtistListWithLimitUseCaseTests.swift; sourceTree = "<group>"; };
		AD7F089521E9435F004B39F0 /* MusicRepositoryMock.swift */ = {isa = PBXFileReference; lastKnownFileType = sourcecode.swift; path = MusicRepositoryMock.swift; sourceTree = "<group>"; };
		AD7F089721E945EE004B39F0 /* Tests.swift */ = {isa = PBXFileReference; lastKnownFileType = sourcecode.swift; path = Tests.swift; sourceTree = "<group>"; };
		AD7F089D21E94840004B39F0 /* APIProviderTests.xctest */ = {isa = PBXFileReference; explicitFileType = wrapper.cfbundle; includeInIndex = 0; path = APIProviderTests.xctest; sourceTree = BUILT_PRODUCTS_DIR; };
		ADF5660B21E7B768007EDAC8 /* DomainConvertibleType.swift */ = {isa = PBXFileReference; lastKnownFileType = sourcecode.swift; path = DomainConvertibleType.swift; sourceTree = "<group>"; };
		ADF5660D21E7B964007EDAC8 /* WrappedType.swift */ = {isa = PBXFileReference; lastKnownFileType = sourcecode.swift; path = WrappedType.swift; sourceTree = "<group>"; };
		ADF5660F21E7B97D007EDAC8 /* APIResponses.swift */ = {isa = PBXFileReference; lastKnownFileType = sourcecode.swift; path = APIResponses.swift; sourceTree = "<group>"; };
		ADF5661121E7BA15007EDAC8 /* MusicRepositoryTests.swift */ = {isa = PBXFileReference; lastKnownFileType = sourcecode.swift; path = MusicRepositoryTests.swift; sourceTree = "<group>"; };
		ADF5661421E7BA79007EDAC8 /* NetworkServiceMock.swift */ = {isa = PBXFileReference; lastKnownFileType = sourcecode.swift; path = NetworkServiceMock.swift; sourceTree = "<group>"; };
		ADF5661721E7DC6C007EDAC8 /* lookup_valid.json */ = {isa = PBXFileReference; lastKnownFileType = text.json; path = lookup_valid.json; sourceTree = "<group>"; };
		ADF5661A21E7DCF6007EDAC8 /* FileReader.swift */ = {isa = PBXFileReference; lastKnownFileType = sourcecode.swift; path = FileReader.swift; sourceTree = "<group>"; };
		ADF5661C21E7F176007EDAC8 /* lookup_empty_response.json */ = {isa = PBXFileReference; lastKnownFileType = text.json; path = lookup_empty_response.json; sourceTree = "<group>"; };
		ADF5662221E7FA3B007EDAC8 /* DomainTests.xctest */ = {isa = PBXFileReference; explicitFileType = wrapper.cfbundle; includeInIndex = 0; path = DomainTests.xctest; sourceTree = BUILT_PRODUCTS_DIR; };
		ADF5662421E7FA3B007EDAC8 /* ShuffleSongsUseCaseTests.swift */ = {isa = PBXFileReference; lastKnownFileType = sourcecode.swift; path = ShuffleSongsUseCaseTests.swift; sourceTree = "<group>"; };
		ADF5662621E7FA3B007EDAC8 /* Info.plist */ = {isa = PBXFileReference; lastKnownFileType = text.plist.xml; path = Info.plist; sourceTree = "<group>"; };
		ADF5662F21E82515007EDAC8 /* TrackListController.swift */ = {isa = PBXFileReference; lastKnownFileType = sourcecode.swift; path = TrackListController.swift; sourceTree = "<group>"; };
		ADF5663121E8252F007EDAC8 /* TrackListView.swift */ = {isa = PBXFileReference; lastKnownFileType = sourcecode.swift; path = TrackListView.swift; sourceTree = "<group>"; };
		DF252609D0F1FEFEB087D6C3 /* Pods-Shuffle Songs.release.xcconfig */ = {isa = PBXFileReference; includeInIndex = 1; lastKnownFileType = text.xcconfig; name = "Pods-Shuffle Songs.release.xcconfig"; path = "Pods/Target Support Files/Pods-Shuffle Songs/Pods-Shuffle Songs.release.xcconfig"; sourceTree = "<group>"; };
		EF748D9B0B9B749989AD00DD /* Pods_Shuffle_Songs.framework */ = {isa = PBXFileReference; explicitFileType = wrapper.framework; includeInIndex = 0; path = Pods_Shuffle_Songs.framework; sourceTree = BUILT_PRODUCTS_DIR; };
/* End PBXFileReference section */

/* Begin PBXFrameworksBuildPhase section */
		AD6CD9F621E63B5A00AF38FE /* Frameworks */ = {
			isa = PBXFrameworksBuildPhase;
			buildActionMask = 2147483647;
			files = (
				AD6CDA8921E6C93200AF38FE /* APIProvider.framework in Frameworks */,
				AD6CDA5021E642D600AF38FE /* Domain.framework in Frameworks */,
				4FEB6663065F8594921B1509 /* Pods_Shuffle_Songs.framework in Frameworks */,
			);
			runOnlyForDeploymentPostprocessing = 0;
		};
		AD6CDA0A21E63B6A00AF38FE /* Frameworks */ = {
			isa = PBXFrameworksBuildPhase;
			buildActionMask = 2147483647;
			files = (
				E2F6B5CBD883EFE57B1F53FF /* Pods_Shuffle_SongsTests.framework in Frameworks */,
			);
			runOnlyForDeploymentPostprocessing = 0;
		};
		AD6CDA1521E63B6A00AF38FE /* Frameworks */ = {
			isa = PBXFrameworksBuildPhase;
			buildActionMask = 2147483647;
			files = (
				75AFF4425D41845AEE9F8826 /* Pods_Shuffle_SongsUITests.framework in Frameworks */,
			);
			runOnlyForDeploymentPostprocessing = 0;
		};
		AD6CDA4621E642D600AF38FE /* Frameworks */ = {
			isa = PBXFrameworksBuildPhase;
			buildActionMask = 2147483647;
			files = (
			);
			runOnlyForDeploymentPostprocessing = 0;
		};
		AD6CDA7F21E6C93200AF38FE /* Frameworks */ = {
			isa = PBXFrameworksBuildPhase;
			buildActionMask = 2147483647;
			files = (
			);
			runOnlyForDeploymentPostprocessing = 0;
		};
		AD7F089A21E94840004B39F0 /* Frameworks */ = {
			isa = PBXFrameworksBuildPhase;
			buildActionMask = 2147483647;
			files = (
				AD7F08A221E94840004B39F0 /* APIProvider.framework in Frameworks */,
			);
			runOnlyForDeploymentPostprocessing = 0;
		};
		ADF5661F21E7FA3B007EDAC8 /* Frameworks */ = {
			isa = PBXFrameworksBuildPhase;
			buildActionMask = 2147483647;
			files = (
				ADF5662721E7FA3B007EDAC8 /* Domain.framework in Frameworks */,
			);
			runOnlyForDeploymentPostprocessing = 0;
		};
/* End PBXFrameworksBuildPhase section */

/* Begin PBXGroup section */
		925BDAC34FBDA8E998D832D6 /* Frameworks */ = {
			isa = PBXGroup;
			children = (
				EF748D9B0B9B749989AD00DD /* Pods_Shuffle_Songs.framework */,
				64BE84128EAC9A5827E0CA50 /* Pods_Shuffle_SongsTests.framework */,
				A867D051D48C4763D1FB2377 /* Pods_Shuffle_SongsUITests.framework */,
			);
			name = Frameworks;
			sourceTree = "<group>";
		};
		A9C699CB94183B25C174E27B /* Pods */ = {
			isa = PBXGroup;
			children = (
				889978EE5A171153A1CA73DC /* Pods-Shuffle Songs.debug.xcconfig */,
				DF252609D0F1FEFEB087D6C3 /* Pods-Shuffle Songs.release.xcconfig */,
				5A79388B20505417A6BC2779 /* Pods-Shuffle SongsTests.debug.xcconfig */,
				A035B951D0B182DCA97D582C /* Pods-Shuffle SongsTests.release.xcconfig */,
				9ECB189B94F6350A305D5331 /* Pods-Shuffle SongsUITests.debug.xcconfig */,
				728144658072344FDB4DF329 /* Pods-Shuffle SongsUITests.release.xcconfig */,
			);
			name = Pods;
			sourceTree = "<group>";
		};
		AD6CD9F021E63B5A00AF38FE = {
			isa = PBXGroup;
			children = (
				AD6CD9FB21E63B5A00AF38FE /* Shuffle Songs */,
				AD6CDA1021E63B6A00AF38FE /* Shuffle SongsTests */,
				AD6CDA1B21E63B6A00AF38FE /* Shuffle SongsUITests */,
				AD6CDA4A21E642D600AF38FE /* Domain */,
				ADF5662321E7FA3B007EDAC8 /* DomainTests */,
				AD6CDA8321E6C93200AF38FE /* APIProvider */,
				AD6CDAAF21E786B000AF38FE /* APIProviderTests */,
				AD6CD9FA21E63B5A00AF38FE /* Products */,
				A9C699CB94183B25C174E27B /* Pods */,
				925BDAC34FBDA8E998D832D6 /* Frameworks */,
			);
			sourceTree = "<group>";
		};
		AD6CD9FA21E63B5A00AF38FE /* Products */ = {
			isa = PBXGroup;
			children = (
				AD6CD9F921E63B5A00AF38FE /* Shuffle Songs.app */,
				AD6CDA0D21E63B6A00AF38FE /* Shuffle SongsTests.xctest */,
				AD6CDA1821E63B6A00AF38FE /* Shuffle SongsUITests.xctest */,
				AD6CDA4921E642D600AF38FE /* Domain.framework */,
				AD6CDA8221E6C93200AF38FE /* APIProvider.framework */,
				AD6CDAAE21E786AF00AF38FE /* APIProviderTests.xctest */,
				ADF5662221E7FA3B007EDAC8 /* DomainTests.xctest */,
				AD7F089D21E94840004B39F0 /* APIProviderTests.xctest */,
			);
			name = Products;
			sourceTree = "<group>";
		};
		AD6CD9FB21E63B5A00AF38FE /* Shuffle Songs */ = {
			isa = PBXGroup;
			children = (
				ADF5662D21E824F7007EDAC8 /* Scenes */,
				AD6CDA3A21E63FFC00AF38FE /* Util */,
				AD6CDA3021E63D1900AF38FE /* App */,
				AD6CDA3221E63D1900AF38FE /* Resources */,
				AD6CDA3421E63D1900AF38FE /* Supporting Files */,
			);
			path = "Shuffle Songs";
			sourceTree = "<group>";
		};
		AD6CDA1021E63B6A00AF38FE /* Shuffle SongsTests */ = {
			isa = PBXGroup;
			children = (
				AD6CDA1321E63B6A00AF38FE /* Info.plist */,
				AD7F089721E945EE004B39F0 /* Tests.swift */,
			);
			path = "Shuffle SongsTests";
			sourceTree = "<group>";
		};
		AD6CDA1B21E63B6A00AF38FE /* Shuffle SongsUITests */ = {
			isa = PBXGroup;
			children = (
				AD6CDA1C21E63B6A00AF38FE /* Shuffle_SongsUITests.swift */,
				AD6CDA1E21E63B6A00AF38FE /* Info.plist */,
			);
			path = "Shuffle SongsUITests";
			sourceTree = "<group>";
		};
		AD6CDA3021E63D1900AF38FE /* App */ = {
			isa = PBXGroup;
			children = (
				AD6CDA3121E63D1900AF38FE /* AppDelegate.swift */,
			);
			path = App;
			sourceTree = "<group>";
		};
		AD6CDA3221E63D1900AF38FE /* Resources */ = {
			isa = PBXGroup;
			children = (
				AD6CDA0521E63B6900AF38FE /* LaunchScreen.storyboard */,
				AD6CDA3321E63D1900AF38FE /* Assets.xcassets */,
			);
			path = Resources;
			sourceTree = "<group>";
		};
		AD6CDA3421E63D1900AF38FE /* Supporting Files */ = {
			isa = PBXGroup;
			children = (
				AD6CDA3521E63D1900AF38FE /* Info.plist */,
			);
			path = "Supporting Files";
			sourceTree = "<group>";
		};
		AD6CDA3A21E63FFC00AF38FE /* Util */ = {
			isa = PBXGroup;
			children = (
				AD7F088121E8E1A5004B39F0 /* UI */,
				AD7F087E21E8E184004B39F0 /* Extension */,
				AD6CDA3B21E6400D00AF38FE /* Base */,
				AD7F088821E8EF08004B39F0 /* ImageLoader.swift */,
			);
			path = Util;
			sourceTree = "<group>";
		};
		AD6CDA3B21E6400D00AF38FE /* Base */ = {
			isa = PBXGroup;
			children = (
				AD6CDA4021E6407500AF38FE /* View.swift */,
				AD6CDA3C21E6401B00AF38FE /* Controller.swift */,
				AD6CDA3E21E6404100AF38FE /* BaseViewController.swift */,
				AD6CDA4221E6408A00AF38FE /* BaseView.swift */,
			);
			path = Base;
			sourceTree = "<group>";
		};
		AD6CDA4A21E642D600AF38FE /* Domain */ = {
			isa = PBXGroup;
			children = (
				AD6CDA5821E642EC00AF38FE /* Entity */,
				AD6CDA5621E642E200AF38FE /* Repository */,
				AD6CDA5721E642E700AF38FE /* UseCase */,
				AD6CDA6321E645A000AF38FE /* Util */,
				AD6CDA4B21E642D600AF38FE /* Domain.h */,
				AD6CDA4C21E642D600AF38FE /* Info.plist */,
			);
			path = Domain;
			sourceTree = "<group>";
		};
		AD6CDA5621E642E200AF38FE /* Repository */ = {
			isa = PBXGroup;
			children = (
				AD6CDA6821E6463E00AF38FE /* MusicRepository.swift */,
			);
			path = Repository;
			sourceTree = "<group>";
		};
		AD6CDA5721E642E700AF38FE /* UseCase */ = {
			isa = PBXGroup;
			children = (
				AD6CDA5921E6431100AF38FE /* UseCaseFactory.swift */,
				AD6CDA6421E645C000AF38FE /* GetTracksByArtistListWithLimitUseCase.swift */,
				AD6CDA6621E6461700AF38FE /* ShuffleSongsUseCase.swift */,
			);
			path = UseCase;
			sourceTree = "<group>";
		};
		AD6CDA5821E642EC00AF38FE /* Entity */ = {
			isa = PBXGroup;
			children = (
				AD6CDA5F21E6440500AF38FE /* Identity.swift */,
				AD6CDA5D21E643C400AF38FE /* Artist.swift */,
				AD6CDA6121E6449B00AF38FE /* Track.swift */,
			);
			path = Entity;
			sourceTree = "<group>";
		};
		AD6CDA6321E645A000AF38FE /* Util */ = {
			isa = PBXGroup;
			children = (
				AD6CDA5B21E6432D00AF38FE /* Result.swift */,
			);
			path = Util;
			sourceTree = "<group>";
		};
		AD6CDA8321E6C93200AF38FE /* APIProvider */ = {
			isa = PBXGroup;
			children = (
				AD6CDA9021E6C94D00AF38FE /* Entity */,
				AD6CDA9921E6C9ED00AF38FE /* Network */,
				AD6CDA8E21E6C94200AF38FE /* Repository */,
				AD6CDA8F21E6C94800AF38FE /* UseCase */,
				AD6CDA8421E6C93200AF38FE /* APIProvider.h */,
				AD6CDA8521E6C93200AF38FE /* Info.plist */,
			);
			path = APIProvider;
			sourceTree = "<group>";
		};
		AD6CDA8E21E6C94200AF38FE /* Repository */ = {
			isa = PBXGroup;
			children = (
				AD6CDA9121E6C95E00AF38FE /* MusicRepository.swift */,
				ADF5660D21E7B964007EDAC8 /* WrappedType.swift */,
				ADF5660F21E7B97D007EDAC8 /* APIResponses.swift */,
			);
			path = Repository;
			sourceTree = "<group>";
		};
		AD6CDA8F21E6C94800AF38FE /* UseCase */ = {
			isa = PBXGroup;
			children = (
				AD6CDA9321E6C96700AF38FE /* UseCaseFactory.swift */,
			);
			path = UseCase;
			sourceTree = "<group>";
		};
		AD6CDA9021E6C94D00AF38FE /* Entity */ = {
			isa = PBXGroup;
			children = (
				ADF5660A21E7B749007EDAC8 /* Domain Convertible */,
				AD6CDA9521E6C97000AF38FE /* Artist.swift */,
				AD6CDA9721E6C97700AF38FE /* Track.swift */,
			);
			path = Entity;
			sourceTree = "<group>";
		};
		AD6CDA9921E6C9ED00AF38FE /* Network */ = {
			isa = PBXGroup;
			children = (
				AD6CDA9A21E7801600AF38FE /* NetworkService.swift */,
			);
			path = Network;
			sourceTree = "<group>";
		};
		AD6CDAAF21E786B000AF38FE /* APIProviderTests */ = {
			isa = PBXGroup;
			children = (
				ADF5661921E7DCEA007EDAC8 /* Util */,
				ADF5661621E7DC59007EDAC8 /* Files */,
				ADF5661321E7BA67007EDAC8 /* Mocks */,
				ADF5661121E7BA15007EDAC8 /* MusicRepositoryTests.swift */,
				AD6CDAB221E786B000AF38FE /* Info.plist */,
			);
			path = APIProviderTests;
			sourceTree = "<group>";
		};
		AD7F087E21E8E184004B39F0 /* Extension */ = {
			isa = PBXGroup;
			children = (
				AD7F087F21E8E192004B39F0 /* UIViewController+Util.swift */,
				AD7F088621E8E62A004B39F0 /* UIImageView+Download.swift */,
			);
			path = Extension;
			sourceTree = "<group>";
		};
		AD7F088121E8E1A5004B39F0 /* UI */ = {
			isa = PBXGroup;
			children = (
				AD7F088221E8E1B0004B39F0 /* Appearance.swift */,
				AD7F088421E8E1D5004B39F0 /* AppNavigationController.swift */,
				AD7F088A21E8F0EA004B39F0 /* GradientView.swift */,
			);
			path = UI;
			sourceTree = "<group>";
		};
		AD7F089121E90FB9004B39F0 /* Splash */ = {
			isa = PBXGroup;
			children = (
				AD7F088D21E8F534004B39F0 /* SplashController.swift */,
				AD7F088F21E8F53C004B39F0 /* SplashView.swift */,
			);
			path = Splash;
			sourceTree = "<group>";
		};
		AD7F089421E9431E004B39F0 /* Mocks */ = {
			isa = PBXGroup;
			children = (
				AD7F089521E9435F004B39F0 /* MusicRepositoryMock.swift */,
			);
			path = Mocks;
			sourceTree = "<group>";
		};
		ADF5660A21E7B749007EDAC8 /* Domain Convertible */ = {
			isa = PBXGroup;
			children = (
				ADF5660B21E7B768007EDAC8 /* DomainConvertibleType.swift */,
			);
			path = "Domain Convertible";
			sourceTree = "<group>";
		};
		ADF5661321E7BA67007EDAC8 /* Mocks */ = {
			isa = PBXGroup;
			children = (
				ADF5661421E7BA79007EDAC8 /* NetworkServiceMock.swift */,
			);
			path = Mocks;
			sourceTree = "<group>";
		};
		ADF5661621E7DC59007EDAC8 /* Files */ = {
			isa = PBXGroup;
			children = (
				ADF5661721E7DC6C007EDAC8 /* lookup_valid.json */,
				ADF5661C21E7F176007EDAC8 /* lookup_empty_response.json */,
			);
			path = Files;
			sourceTree = "<group>";
		};
		ADF5661921E7DCEA007EDAC8 /* Util */ = {
			isa = PBXGroup;
			children = (
				ADF5661A21E7DCF6007EDAC8 /* FileReader.swift */,
			);
			path = Util;
			sourceTree = "<group>";
		};
		ADF5662321E7FA3B007EDAC8 /* DomainTests */ = {
			isa = PBXGroup;
			children = (
				AD7F089421E9431E004B39F0 /* Mocks */,
				AD7F089221E942B2004B39F0 /* GetTracksByArtistListWithLimitUseCaseTests.swift */,
				ADF5662421E7FA3B007EDAC8 /* ShuffleSongsUseCaseTests.swift */,
				ADF5662621E7FA3B007EDAC8 /* Info.plist */,
			);
			path = DomainTests;
			sourceTree = "<group>";
		};
		ADF5662D21E824F7007EDAC8 /* Scenes */ = {
			isa = PBXGroup;
			children = (
				AD7F089121E90FB9004B39F0 /* Splash */,
				ADF5662E21E82501007EDAC8 /* List */,
			);
			path = Scenes;
			sourceTree = "<group>";
		};
		ADF5662E21E82501007EDAC8 /* List */ = {
			isa = PBXGroup;
			children = (
				ADF5662F21E82515007EDAC8 /* TrackListController.swift */,
				ADF5663121E8252F007EDAC8 /* TrackListView.swift */,
				AD7F087921E82FA4004B39F0 /* TrackListItemCell.swift */,
				AD7F087B21E8314F004B39F0 /* TrackListAdapter.swift */,
			);
			path = List;
			sourceTree = "<group>";
		};
/* End PBXGroup section */

/* Begin PBXHeadersBuildPhase section */
		AD6CDA4421E642D600AF38FE /* Headers */ = {
			isa = PBXHeadersBuildPhase;
			buildActionMask = 2147483647;
			files = (
				AD6CDA4D21E642D600AF38FE /* Domain.h in Headers */,
			);
			runOnlyForDeploymentPostprocessing = 0;
		};
		AD6CDA7D21E6C93200AF38FE /* Headers */ = {
			isa = PBXHeadersBuildPhase;
			buildActionMask = 2147483647;
			files = (
				AD6CDA8621E6C93200AF38FE /* APIProvider.h in Headers */,
			);
			runOnlyForDeploymentPostprocessing = 0;
		};
/* End PBXHeadersBuildPhase section */

/* Begin PBXNativeTarget section */
		AD6CD9F821E63B5A00AF38FE /* Shuffle Songs */ = {
			isa = PBXNativeTarget;
			buildConfigurationList = AD6CDA2121E63B6A00AF38FE /* Build configuration list for PBXNativeTarget "Shuffle Songs" */;
			buildPhases = (
				91BFEF46B160BE417B45A8CA /* [CP] Check Pods Manifest.lock */,
				AD6CDA3921E63F0000AF38FE /* Swiftlint */,
				AD6CD9F521E63B5A00AF38FE /* Sources */,
				AD6CD9F621E63B5A00AF38FE /* Frameworks */,
				AD6CD9F721E63B5A00AF38FE /* Resources */,
				AD6CDA5521E642D600AF38FE /* Embed Frameworks */,
			);
			buildRules = (
			);
			dependencies = (
				AD6CDA4F21E642D600AF38FE /* PBXTargetDependency */,
				AD6CDA8821E6C93200AF38FE /* PBXTargetDependency */,
			);
			name = "Shuffle Songs";
			productName = "Shuffle Songs";
			productReference = AD6CD9F921E63B5A00AF38FE /* Shuffle Songs.app */;
			productType = "com.apple.product-type.application";
		};
		AD6CDA0C21E63B6A00AF38FE /* Shuffle SongsTests */ = {
			isa = PBXNativeTarget;
			buildConfigurationList = AD6CDA2421E63B6A00AF38FE /* Build configuration list for PBXNativeTarget "Shuffle SongsTests" */;
			buildPhases = (
				5082EA04FDE7110AB4647179 /* [CP] Check Pods Manifest.lock */,
				AD6CDA0921E63B6A00AF38FE /* Sources */,
				AD6CDA0A21E63B6A00AF38FE /* Frameworks */,
				AD6CDA0B21E63B6A00AF38FE /* Resources */,
			);
			buildRules = (
			);
			dependencies = (
				AD6CDA0F21E63B6A00AF38FE /* PBXTargetDependency */,
			);
			name = "Shuffle SongsTests";
			productName = "Shuffle SongsTests";
			productReference = AD6CDA0D21E63B6A00AF38FE /* Shuffle SongsTests.xctest */;
			productType = "com.apple.product-type.bundle.unit-test";
		};
		AD6CDA1721E63B6A00AF38FE /* Shuffle SongsUITests */ = {
			isa = PBXNativeTarget;
			buildConfigurationList = AD6CDA2721E63B6A00AF38FE /* Build configuration list for PBXNativeTarget "Shuffle SongsUITests" */;
			buildPhases = (
				9AB8CE2BE0CCD91ED98B7DFB /* [CP] Check Pods Manifest.lock */,
				AD6CDA1421E63B6A00AF38FE /* Sources */,
				AD6CDA1521E63B6A00AF38FE /* Frameworks */,
				AD6CDA1621E63B6A00AF38FE /* Resources */,
			);
			buildRules = (
			);
			dependencies = (
				AD6CDA1A21E63B6A00AF38FE /* PBXTargetDependency */,
			);
			name = "Shuffle SongsUITests";
			productName = "Shuffle SongsUITests";
			productReference = AD6CDA1821E63B6A00AF38FE /* Shuffle SongsUITests.xctest */;
			productType = "com.apple.product-type.bundle.ui-testing";
		};
		AD6CDA4821E642D600AF38FE /* Domain */ = {
			isa = PBXNativeTarget;
			buildConfigurationList = AD6CDA5421E642D600AF38FE /* Build configuration list for PBXNativeTarget "Domain" */;
			buildPhases = (
				AD6CDA4421E642D600AF38FE /* Headers */,
				AD6CDA4521E642D600AF38FE /* Sources */,
				AD6CDA4621E642D600AF38FE /* Frameworks */,
				AD6CDA4721E642D600AF38FE /* Resources */,
			);
			buildRules = (
			);
			dependencies = (
			);
			name = Domain;
			productName = Domain;
			productReference = AD6CDA4921E642D600AF38FE /* Domain.framework */;
			productType = "com.apple.product-type.framework";
		};
		AD6CDA8121E6C93200AF38FE /* APIProvider */ = {
			isa = PBXNativeTarget;
			buildConfigurationList = AD6CDA8B21E6C93200AF38FE /* Build configuration list for PBXNativeTarget "APIProvider" */;
			buildPhases = (
				AD6CDA7D21E6C93200AF38FE /* Headers */,
				AD6CDA7E21E6C93200AF38FE /* Sources */,
				AD6CDA7F21E6C93200AF38FE /* Frameworks */,
				AD6CDA8021E6C93200AF38FE /* Resources */,
			);
			buildRules = (
			);
			dependencies = (
				AD6CDAC121E795C700AF38FE /* PBXTargetDependency */,
			);
			name = APIProvider;
			productName = APIProvider;
			productReference = AD6CDA8221E6C93200AF38FE /* APIProvider.framework */;
			productType = "com.apple.product-type.framework";
		};
		AD6CDAAD21E786AF00AF38FE /* DomainTests */ = {
			isa = PBXNativeTarget;
			buildConfigurationList = ADF5662C21E7FA3B007EDAC8 /* Build configuration list for PBXNativeTarget "DomainTests" */;
			buildPhases = (
				ADF5661E21E7FA3B007EDAC8 /* Sources */,
				ADF5661F21E7FA3B007EDAC8 /* Frameworks */,
				ADF5662021E7FA3B007EDAC8 /* Resources */,
			);
			buildRules = (
			);
			dependencies = (
				ADF5662921E7FA3B007EDAC8 /* PBXTargetDependency */,
			);
			name = DomainTests;
			productName = DomainTests;
			productReference = ADF5662221E7FA3B007EDAC8 /* DomainTests.xctest */;
			productType = "com.apple.product-type.bundle.unit-test";
		};
		AD7F089C21E94840004B39F0 /* APIProviderTests */ = {
			isa = PBXNativeTarget;
			buildConfigurationList = AD7F08A521E94840004B39F0 /* Build configuration list for PBXNativeTarget "APIProviderTests" */;
			buildPhases = (
				AD7F089921E94840004B39F0 /* Sources */,
				AD7F089A21E94840004B39F0 /* Frameworks */,
				AD7F089B21E94840004B39F0 /* Resources */,
			);
			buildRules = (
			);
			dependencies = (
				AD7F08A421E94840004B39F0 /* PBXTargetDependency */,
			);
			name = APIProviderTests;
			productName = APIProviderTests;
			productReference = AD7F089D21E94840004B39F0 /* APIProviderTests.xctest */;
			productType = "com.apple.product-type.bundle.unit-test";
		};
/* End PBXNativeTarget section */

/* Begin PBXProject section */
		AD6CD9F121E63B5A00AF38FE /* Project object */ = {
			isa = PBXProject;
			attributes = {
				LastSwiftUpdateCheck = 1010;
				LastUpgradeCheck = 1010;
				ORGANIZATIONNAME = "Marcilio Junior";
				TargetAttributes = {
					AD6CD9F821E63B5A00AF38FE = {
						CreatedOnToolsVersion = 10.1;
					};
					AD6CDA0C21E63B6A00AF38FE = {
						CreatedOnToolsVersion = 10.1;
						LastSwiftMigration = 1010;
						TestTargetID = AD6CD9F821E63B5A00AF38FE;
					};
					AD6CDA1721E63B6A00AF38FE = {
						CreatedOnToolsVersion = 10.1;
						TestTargetID = AD6CD9F821E63B5A00AF38FE;
					};
					AD6CDA4821E642D600AF38FE = {
						CreatedOnToolsVersion = 10.1;
						LastSwiftMigration = 1010;
					};
					AD6CDA8121E6C93200AF38FE = {
						CreatedOnToolsVersion = 10.1;
						LastSwiftMigration = 1010;
					};
					AD6CDAAD21E786AF00AF38FE = {
						CreatedOnToolsVersion = 10.1;
						LastSwiftMigration = 1010;
					};
					AD7F089C21E94840004B39F0 = {
						CreatedOnToolsVersion = 10.1;
					};
				};
			};
			buildConfigurationList = AD6CD9F421E63B5A00AF38FE /* Build configuration list for PBXProject "Shuffle Songs" */;
			compatibilityVersion = "Xcode 9.3";
			developmentRegion = en;
			hasScannedForEncodings = 0;
			knownRegions = (
				en,
				Base,
			);
			mainGroup = AD6CD9F021E63B5A00AF38FE;
			productRefGroup = AD6CD9FA21E63B5A00AF38FE /* Products */;
			projectDirPath = "";
			projectRoot = "";
			targets = (
				AD6CD9F821E63B5A00AF38FE /* Shuffle Songs */,
				AD6CDA0C21E63B6A00AF38FE /* Shuffle SongsTests */,
				AD6CDA1721E63B6A00AF38FE /* Shuffle SongsUITests */,
				AD6CDA4821E642D600AF38FE /* Domain */,
				AD6CDA8121E6C93200AF38FE /* APIProvider */,
				AD6CDAAD21E786AF00AF38FE /* DomainTests */,
				AD7F089C21E94840004B39F0 /* APIProviderTests */,
			);
		};
/* End PBXProject section */

/* Begin PBXResourcesBuildPhase section */
		AD6CD9F721E63B5A00AF38FE /* Resources */ = {
			isa = PBXResourcesBuildPhase;
			buildActionMask = 2147483647;
			files = (
				AD6CDA0721E63B6900AF38FE /* LaunchScreen.storyboard in Resources */,
				AD6CDA3721E63D1900AF38FE /* Assets.xcassets in Resources */,
			);
			runOnlyForDeploymentPostprocessing = 0;
		};
		AD6CDA0B21E63B6A00AF38FE /* Resources */ = {
			isa = PBXResourcesBuildPhase;
			buildActionMask = 2147483647;
			files = (
			);
			runOnlyForDeploymentPostprocessing = 0;
		};
		AD6CDA1621E63B6A00AF38FE /* Resources */ = {
			isa = PBXResourcesBuildPhase;
			buildActionMask = 2147483647;
			files = (
			);
			runOnlyForDeploymentPostprocessing = 0;
		};
		AD6CDA4721E642D600AF38FE /* Resources */ = {
			isa = PBXResourcesBuildPhase;
			buildActionMask = 2147483647;
			files = (
			);
			runOnlyForDeploymentPostprocessing = 0;
		};
		AD6CDA8021E6C93200AF38FE /* Resources */ = {
			isa = PBXResourcesBuildPhase;
			buildActionMask = 2147483647;
			files = (
			);
			runOnlyForDeploymentPostprocessing = 0;
		};
		AD7F089B21E94840004B39F0 /* Resources */ = {
			isa = PBXResourcesBuildPhase;
			buildActionMask = 2147483647;
			files = (
				AD7F08AC21EA037C004B39F0 /* lookup_empty_response.json in Resources */,
				AD7F08AB21EA037C004B39F0 /* lookup_valid.json in Resources */,
			);
			runOnlyForDeploymentPostprocessing = 0;
		};
		ADF5662021E7FA3B007EDAC8 /* Resources */ = {
			isa = PBXResourcesBuildPhase;
			buildActionMask = 2147483647;
			files = (
			);
			runOnlyForDeploymentPostprocessing = 0;
		};
/* End PBXResourcesBuildPhase section */

/* Begin PBXShellScriptBuildPhase section */
		5082EA04FDE7110AB4647179 /* [CP] Check Pods Manifest.lock */ = {
			isa = PBXShellScriptBuildPhase;
			buildActionMask = 2147483647;
			files = (
			);
			inputFileListPaths = (
			);
			inputPaths = (
				"${PODS_PODFILE_DIR_PATH}/Podfile.lock",
				"${PODS_ROOT}/Manifest.lock",
			);
			name = "[CP] Check Pods Manifest.lock";
			outputFileListPaths = (
			);
			outputPaths = (
				"$(DERIVED_FILE_DIR)/Pods-Shuffle SongsTests-checkManifestLockResult.txt",
			);
			runOnlyForDeploymentPostprocessing = 0;
			shellPath = /bin/sh;
			shellScript = "diff \"${PODS_PODFILE_DIR_PATH}/Podfile.lock\" \"${PODS_ROOT}/Manifest.lock\" > /dev/null\nif [ $? != 0 ] ; then\n    # print error to STDERR\n    echo \"error: The sandbox is not in sync with the Podfile.lock. Run 'pod install' or update your CocoaPods installation.\" >&2\n    exit 1\nfi\n# This output is used by Xcode 'outputs' to avoid re-running this script phase.\necho \"SUCCESS\" > \"${SCRIPT_OUTPUT_FILE_0}\"\n";
			showEnvVarsInLog = 0;
		};
		91BFEF46B160BE417B45A8CA /* [CP] Check Pods Manifest.lock */ = {
			isa = PBXShellScriptBuildPhase;
			buildActionMask = 2147483647;
			files = (
			);
			inputFileListPaths = (
			);
			inputPaths = (
				"${PODS_PODFILE_DIR_PATH}/Podfile.lock",
				"${PODS_ROOT}/Manifest.lock",
			);
			name = "[CP] Check Pods Manifest.lock";
			outputFileListPaths = (
			);
			outputPaths = (
				"$(DERIVED_FILE_DIR)/Pods-Shuffle Songs-checkManifestLockResult.txt",
			);
			runOnlyForDeploymentPostprocessing = 0;
			shellPath = /bin/sh;
			shellScript = "diff \"${PODS_PODFILE_DIR_PATH}/Podfile.lock\" \"${PODS_ROOT}/Manifest.lock\" > /dev/null\nif [ $? != 0 ] ; then\n    # print error to STDERR\n    echo \"error: The sandbox is not in sync with the Podfile.lock. Run 'pod install' or update your CocoaPods installation.\" >&2\n    exit 1\nfi\n# This output is used by Xcode 'outputs' to avoid re-running this script phase.\necho \"SUCCESS\" > \"${SCRIPT_OUTPUT_FILE_0}\"\n";
			showEnvVarsInLog = 0;
		};
		9AB8CE2BE0CCD91ED98B7DFB /* [CP] Check Pods Manifest.lock */ = {
			isa = PBXShellScriptBuildPhase;
			buildActionMask = 2147483647;
			files = (
			);
			inputFileListPaths = (
			);
			inputPaths = (
				"${PODS_PODFILE_DIR_PATH}/Podfile.lock",
				"${PODS_ROOT}/Manifest.lock",
			);
			name = "[CP] Check Pods Manifest.lock";
			outputFileListPaths = (
			);
			outputPaths = (
				"$(DERIVED_FILE_DIR)/Pods-Shuffle SongsUITests-checkManifestLockResult.txt",
			);
			runOnlyForDeploymentPostprocessing = 0;
			shellPath = /bin/sh;
			shellScript = "diff \"${PODS_PODFILE_DIR_PATH}/Podfile.lock\" \"${PODS_ROOT}/Manifest.lock\" > /dev/null\nif [ $? != 0 ] ; then\n    # print error to STDERR\n    echo \"error: The sandbox is not in sync with the Podfile.lock. Run 'pod install' or update your CocoaPods installation.\" >&2\n    exit 1\nfi\n# This output is used by Xcode 'outputs' to avoid re-running this script phase.\necho \"SUCCESS\" > \"${SCRIPT_OUTPUT_FILE_0}\"\n";
			showEnvVarsInLog = 0;
		};
		AD6CDA3921E63F0000AF38FE /* Swiftlint */ = {
			isa = PBXShellScriptBuildPhase;
			buildActionMask = 2147483647;
			files = (
			);
			inputFileListPaths = (
			);
			inputPaths = (
			);
			name = Swiftlint;
			outputFileListPaths = (
			);
			outputPaths = (
			);
			runOnlyForDeploymentPostprocessing = 0;
			shellPath = /bin/sh;
			shellScript = "if which swiftlint >/dev/null; then\n    \"${PODS_ROOT}/SwiftLint/swiftlint\"\nelse\n    echo \"warning: SwiftLint not installed, download from https://github.com/realm/SwiftLint\"\nfi\n";
		};
/* End PBXShellScriptBuildPhase section */

/* Begin PBXSourcesBuildPhase section */
		AD6CD9F521E63B5A00AF38FE /* Sources */ = {
			isa = PBXSourcesBuildPhase;
			buildActionMask = 2147483647;
			files = (
				AD7F088E21E8F534004B39F0 /* SplashController.swift in Sources */,
				AD7F088921E8EF08004B39F0 /* ImageLoader.swift in Sources */,
				AD7F089021E8F53C004B39F0 /* SplashView.swift in Sources */,
				AD7F088021E8E192004B39F0 /* UIViewController+Util.swift in Sources */,
				AD7F088B21E8F0EA004B39F0 /* GradientView.swift in Sources */,
				AD6CDA4121E6407500AF38FE /* View.swift in Sources */,
				AD6CDA3621E63D1900AF38FE /* AppDelegate.swift in Sources */,
				AD7F087A21E82FA4004B39F0 /* TrackListItemCell.swift in Sources */,
				AD7F087C21E8314F004B39F0 /* TrackListAdapter.swift in Sources */,
				AD6CDA4321E6408A00AF38FE /* BaseView.swift in Sources */,
				AD6CDA3D21E6401B00AF38FE /* Controller.swift in Sources */,
				AD7F088321E8E1B0004B39F0 /* Appearance.swift in Sources */,
				AD6CDA3F21E6404100AF38FE /* BaseViewController.swift in Sources */,
				AD7F088521E8E1D5004B39F0 /* AppNavigationController.swift in Sources */,
				ADF5663221E8252F007EDAC8 /* TrackListView.swift in Sources */,
				AD7F088721E8E62A004B39F0 /* UIImageView+Download.swift in Sources */,
				ADF5663021E82515007EDAC8 /* TrackListController.swift in Sources */,
			);
			runOnlyForDeploymentPostprocessing = 0;
		};
		AD6CDA0921E63B6A00AF38FE /* Sources */ = {
			isa = PBXSourcesBuildPhase;
			buildActionMask = 2147483647;
			files = (
				AD7F089821E945EE004B39F0 /* Tests.swift in Sources */,
			);
			runOnlyForDeploymentPostprocessing = 0;
		};
		AD6CDA1421E63B6A00AF38FE /* Sources */ = {
			isa = PBXSourcesBuildPhase;
			buildActionMask = 2147483647;
			files = (
				AD6CDA1D21E63B6A00AF38FE /* Shuffle_SongsUITests.swift in Sources */,
			);
			runOnlyForDeploymentPostprocessing = 0;
		};
		AD6CDA4521E642D600AF38FE /* Sources */ = {
			isa = PBXSourcesBuildPhase;
			buildActionMask = 2147483647;
			files = (
				AD6CDA5E21E643C400AF38FE /* Artist.swift in Sources */,
				AD6CDA6921E6463E00AF38FE /* MusicRepository.swift in Sources */,
				AD6CDA6221E6449B00AF38FE /* Track.swift in Sources */,
				AD6CDA5C21E6432D00AF38FE /* Result.swift in Sources */,
				AD6CDA6521E645C000AF38FE /* GetTracksByArtistListWithLimitUseCase.swift in Sources */,
				AD6CDA6721E6461700AF38FE /* ShuffleSongsUseCase.swift in Sources */,
				AD6CDA5A21E6431100AF38FE /* UseCaseFactory.swift in Sources */,
				AD6CDA6021E6440500AF38FE /* Identity.swift in Sources */,
			);
			runOnlyForDeploymentPostprocessing = 0;
		};
		AD6CDA7E21E6C93200AF38FE /* Sources */ = {
			isa = PBXSourcesBuildPhase;
			buildActionMask = 2147483647;
			files = (
				ADF5660E21E7B964007EDAC8 /* WrappedType.swift in Sources */,
				ADF5661021E7B97D007EDAC8 /* APIResponses.swift in Sources */,
				AD6CDA9B21E7801600AF38FE /* NetworkService.swift in Sources */,
				AD6CDA9621E6C97000AF38FE /* Artist.swift in Sources */,
				AD6CDA9421E6C96700AF38FE /* UseCaseFactory.swift in Sources */,
				AD6CDA9221E6C95E00AF38FE /* MusicRepository.swift in Sources */,
				AD6CDA9821E6C97700AF38FE /* Track.swift in Sources */,
				ADF5660C21E7B768007EDAC8 /* DomainConvertibleType.swift in Sources */,
			);
			runOnlyForDeploymentPostprocessing = 0;
		};
		AD7F089921E94840004B39F0 /* Sources */ = {
			isa = PBXSourcesBuildPhase;
			buildActionMask = 2147483647;
			files = (
				AD7F08A821E948CB004B39F0 /* FileReader.swift in Sources */,
				AD7F08A921E948CB004B39F0 /* NetworkServiceMock.swift in Sources */,
				AD7F08AA21E948CB004B39F0 /* MusicRepositoryTests.swift in Sources */,
			);
			runOnlyForDeploymentPostprocessing = 0;
		};
		ADF5661E21E7FA3B007EDAC8 /* Sources */ = {
			isa = PBXSourcesBuildPhase;
			buildActionMask = 2147483647;
			files = (
				AD7F089321E942B2004B39F0 /* GetTracksByArtistListWithLimitUseCaseTests.swift in Sources */,
				ADF5662521E7FA3B007EDAC8 /* ShuffleSongsUseCaseTests.swift in Sources */,
				AD7F089621E9435F004B39F0 /* MusicRepositoryMock.swift in Sources */,
			);
			runOnlyForDeploymentPostprocessing = 0;
		};
/* End PBXSourcesBuildPhase section */

/* Begin PBXTargetDependency section */
		AD6CDA0F21E63B6A00AF38FE /* PBXTargetDependency */ = {
			isa = PBXTargetDependency;
			target = AD6CD9F821E63B5A00AF38FE /* Shuffle Songs */;
			targetProxy = AD6CDA0E21E63B6A00AF38FE /* PBXContainerItemProxy */;
		};
		AD6CDA1A21E63B6A00AF38FE /* PBXTargetDependency */ = {
			isa = PBXTargetDependency;
			target = AD6CD9F821E63B5A00AF38FE /* Shuffle Songs */;
			targetProxy = AD6CDA1921E63B6A00AF38FE /* PBXContainerItemProxy */;
		};
		AD6CDA4F21E642D600AF38FE /* PBXTargetDependency */ = {
			isa = PBXTargetDependency;
			target = AD6CDA4821E642D600AF38FE /* Domain */;
			targetProxy = AD6CDA4E21E642D600AF38FE /* PBXContainerItemProxy */;
		};
		AD6CDA8821E6C93200AF38FE /* PBXTargetDependency */ = {
			isa = PBXTargetDependency;
			target = AD6CDA8121E6C93200AF38FE /* APIProvider */;
			targetProxy = AD6CDA8721E6C93200AF38FE /* PBXContainerItemProxy */;
		};
		AD6CDAC121E795C700AF38FE /* PBXTargetDependency */ = {
			isa = PBXTargetDependency;
			target = AD6CDA4821E642D600AF38FE /* Domain */;
			targetProxy = AD6CDAC021E795C700AF38FE /* PBXContainerItemProxy */;
		};
		AD7F08A421E94840004B39F0 /* PBXTargetDependency */ = {
			isa = PBXTargetDependency;
			target = AD6CDA8121E6C93200AF38FE /* APIProvider */;
			targetProxy = AD7F08A321E94840004B39F0 /* PBXContainerItemProxy */;
		};
		ADF5662921E7FA3B007EDAC8 /* PBXTargetDependency */ = {
			isa = PBXTargetDependency;
			target = AD6CDA4821E642D600AF38FE /* Domain */;
			targetProxy = ADF5662821E7FA3B007EDAC8 /* PBXContainerItemProxy */;
		};
/* End PBXTargetDependency section */

/* Begin PBXVariantGroup section */
		AD6CDA0521E63B6900AF38FE /* LaunchScreen.storyboard */ = {
			isa = PBXVariantGroup;
			children = (
				AD6CDA0621E63B6900AF38FE /* Base */,
			);
			name = LaunchScreen.storyboard;
			sourceTree = "<group>";
		};
/* End PBXVariantGroup section */

/* Begin XCBuildConfiguration section */
		AD6CDA1F21E63B6A00AF38FE /* Debug */ = {
			isa = XCBuildConfiguration;
			buildSettings = {
				ALWAYS_SEARCH_USER_PATHS = NO;
				CLANG_ANALYZER_NONNULL = YES;
				CLANG_ANALYZER_NUMBER_OBJECT_CONVERSION = YES_AGGRESSIVE;
				CLANG_CXX_LANGUAGE_STANDARD = "gnu++14";
				CLANG_CXX_LIBRARY = "libc++";
				CLANG_ENABLE_MODULES = YES;
				CLANG_ENABLE_OBJC_ARC = YES;
				CLANG_ENABLE_OBJC_WEAK = YES;
				CLANG_WARN_BLOCK_CAPTURE_AUTORELEASING = YES;
				CLANG_WARN_BOOL_CONVERSION = YES;
				CLANG_WARN_COMMA = YES;
				CLANG_WARN_CONSTANT_CONVERSION = YES;
				CLANG_WARN_DEPRECATED_OBJC_IMPLEMENTATIONS = YES;
				CLANG_WARN_DIRECT_OBJC_ISA_USAGE = YES_ERROR;
				CLANG_WARN_DOCUMENTATION_COMMENTS = YES;
				CLANG_WARN_EMPTY_BODY = YES;
				CLANG_WARN_ENUM_CONVERSION = YES;
				CLANG_WARN_INFINITE_RECURSION = YES;
				CLANG_WARN_INT_CONVERSION = YES;
				CLANG_WARN_NON_LITERAL_NULL_CONVERSION = YES;
				CLANG_WARN_OBJC_IMPLICIT_RETAIN_SELF = YES;
				CLANG_WARN_OBJC_LITERAL_CONVERSION = YES;
				CLANG_WARN_OBJC_ROOT_CLASS = YES_ERROR;
				CLANG_WARN_RANGE_LOOP_ANALYSIS = YES;
				CLANG_WARN_STRICT_PROTOTYPES = YES;
				CLANG_WARN_SUSPICIOUS_MOVE = YES;
				CLANG_WARN_UNGUARDED_AVAILABILITY = YES_AGGRESSIVE;
				CLANG_WARN_UNREACHABLE_CODE = YES;
				CLANG_WARN__DUPLICATE_METHOD_MATCH = YES;
				CODE_SIGN_IDENTITY = "iPhone Developer";
				COPY_PHASE_STRIP = NO;
				DEBUG_INFORMATION_FORMAT = dwarf;
				ENABLE_STRICT_OBJC_MSGSEND = YES;
				ENABLE_TESTABILITY = YES;
				GCC_C_LANGUAGE_STANDARD = gnu11;
				GCC_DYNAMIC_NO_PIC = NO;
				GCC_NO_COMMON_BLOCKS = YES;
				GCC_OPTIMIZATION_LEVEL = 0;
				GCC_PREPROCESSOR_DEFINITIONS = (
					"DEBUG=1",
					"$(inherited)",
				);
				GCC_WARN_64_TO_32_BIT_CONVERSION = YES;
				GCC_WARN_ABOUT_RETURN_TYPE = YES_ERROR;
				GCC_WARN_UNDECLARED_SELECTOR = YES;
				GCC_WARN_UNINITIALIZED_AUTOS = YES_AGGRESSIVE;
				GCC_WARN_UNUSED_FUNCTION = YES;
				GCC_WARN_UNUSED_VARIABLE = YES;
				IPHONEOS_DEPLOYMENT_TARGET = 12.1;
				MTL_ENABLE_DEBUG_INFO = INCLUDE_SOURCE;
				MTL_FAST_MATH = YES;
				ONLY_ACTIVE_ARCH = YES;
				SDKROOT = iphoneos;
				SWIFT_ACTIVE_COMPILATION_CONDITIONS = DEBUG;
				SWIFT_OPTIMIZATION_LEVEL = "-Onone";
			};
			name = Debug;
		};
		AD6CDA2021E63B6A00AF38FE /* Release */ = {
			isa = XCBuildConfiguration;
			buildSettings = {
				ALWAYS_SEARCH_USER_PATHS = NO;
				CLANG_ANALYZER_NONNULL = YES;
				CLANG_ANALYZER_NUMBER_OBJECT_CONVERSION = YES_AGGRESSIVE;
				CLANG_CXX_LANGUAGE_STANDARD = "gnu++14";
				CLANG_CXX_LIBRARY = "libc++";
				CLANG_ENABLE_MODULES = YES;
				CLANG_ENABLE_OBJC_ARC = YES;
				CLANG_ENABLE_OBJC_WEAK = YES;
				CLANG_WARN_BLOCK_CAPTURE_AUTORELEASING = YES;
				CLANG_WARN_BOOL_CONVERSION = YES;
				CLANG_WARN_COMMA = YES;
				CLANG_WARN_CONSTANT_CONVERSION = YES;
				CLANG_WARN_DEPRECATED_OBJC_IMPLEMENTATIONS = YES;
				CLANG_WARN_DIRECT_OBJC_ISA_USAGE = YES_ERROR;
				CLANG_WARN_DOCUMENTATION_COMMENTS = YES;
				CLANG_WARN_EMPTY_BODY = YES;
				CLANG_WARN_ENUM_CONVERSION = YES;
				CLANG_WARN_INFINITE_RECURSION = YES;
				CLANG_WARN_INT_CONVERSION = YES;
				CLANG_WARN_NON_LITERAL_NULL_CONVERSION = YES;
				CLANG_WARN_OBJC_IMPLICIT_RETAIN_SELF = YES;
				CLANG_WARN_OBJC_LITERAL_CONVERSION = YES;
				CLANG_WARN_OBJC_ROOT_CLASS = YES_ERROR;
				CLANG_WARN_RANGE_LOOP_ANALYSIS = YES;
				CLANG_WARN_STRICT_PROTOTYPES = YES;
				CLANG_WARN_SUSPICIOUS_MOVE = YES;
				CLANG_WARN_UNGUARDED_AVAILABILITY = YES_AGGRESSIVE;
				CLANG_WARN_UNREACHABLE_CODE = YES;
				CLANG_WARN__DUPLICATE_METHOD_MATCH = YES;
				CODE_SIGN_IDENTITY = "iPhone Developer";
				COPY_PHASE_STRIP = NO;
				DEBUG_INFORMATION_FORMAT = "dwarf-with-dsym";
				ENABLE_NS_ASSERTIONS = NO;
				ENABLE_STRICT_OBJC_MSGSEND = YES;
				GCC_C_LANGUAGE_STANDARD = gnu11;
				GCC_NO_COMMON_BLOCKS = YES;
				GCC_WARN_64_TO_32_BIT_CONVERSION = YES;
				GCC_WARN_ABOUT_RETURN_TYPE = YES_ERROR;
				GCC_WARN_UNDECLARED_SELECTOR = YES;
				GCC_WARN_UNINITIALIZED_AUTOS = YES_AGGRESSIVE;
				GCC_WARN_UNUSED_FUNCTION = YES;
				GCC_WARN_UNUSED_VARIABLE = YES;
				IPHONEOS_DEPLOYMENT_TARGET = 12.1;
				MTL_ENABLE_DEBUG_INFO = NO;
				MTL_FAST_MATH = YES;
				SDKROOT = iphoneos;
				SWIFT_COMPILATION_MODE = wholemodule;
				SWIFT_OPTIMIZATION_LEVEL = "-O";
				VALIDATE_PRODUCT = YES;
			};
			name = Release;
		};
		AD6CDA2221E63B6A00AF38FE /* Debug */ = {
			isa = XCBuildConfiguration;
			baseConfigurationReference = 889978EE5A171153A1CA73DC /* Pods-Shuffle Songs.debug.xcconfig */;
			buildSettings = {
				ALWAYS_EMBED_SWIFT_STANDARD_LIBRARIES = YES;
				ASSETCATALOG_COMPILER_APPICON_NAME = AppIcon;
				CODE_SIGN_STYLE = Automatic;
				CURRENT_PROJECT_VERSION = 1;
				DEVELOPMENT_TEAM = JE23YQ4BF5;
				INFOPLIST_FILE = "Shuffle Songs/Supporting Files/Info.plist";
				LD_RUNPATH_SEARCH_PATHS = (
					"$(inherited)",
					"@executable_path/Frameworks",
				);
				PRODUCT_BUNDLE_IDENTIFIER = "com.marcilio.shufflesongs.Shuffle-Songs";
				PRODUCT_NAME = "$(TARGET_NAME)";
				SWIFT_VERSION = 4.2;
				TARGETED_DEVICE_FAMILY = "1,2";
				VERSIONING_SYSTEM = "apple-generic";
			};
			name = Debug;
		};
		AD6CDA2321E63B6A00AF38FE /* Release */ = {
			isa = XCBuildConfiguration;
			baseConfigurationReference = DF252609D0F1FEFEB087D6C3 /* Pods-Shuffle Songs.release.xcconfig */;
			buildSettings = {
				ALWAYS_EMBED_SWIFT_STANDARD_LIBRARIES = YES;
				ASSETCATALOG_COMPILER_APPICON_NAME = AppIcon;
				CODE_SIGN_STYLE = Automatic;
				CURRENT_PROJECT_VERSION = 1;
				DEVELOPMENT_TEAM = JE23YQ4BF5;
				INFOPLIST_FILE = "Shuffle Songs/Supporting Files/Info.plist";
				LD_RUNPATH_SEARCH_PATHS = (
					"$(inherited)",
					"@executable_path/Frameworks",
				);
				PRODUCT_BUNDLE_IDENTIFIER = "com.marcilio.shufflesongs.Shuffle-Songs";
				PRODUCT_NAME = "$(TARGET_NAME)";
				SWIFT_VERSION = 4.2;
				TARGETED_DEVICE_FAMILY = "1,2";
				VERSIONING_SYSTEM = "apple-generic";
			};
			name = Release;
		};
		AD6CDA2521E63B6A00AF38FE /* Debug */ = {
			isa = XCBuildConfiguration;
			baseConfigurationReference = 5A79388B20505417A6BC2779 /* Pods-Shuffle SongsTests.debug.xcconfig */;
			buildSettings = {
				ALWAYS_EMBED_SWIFT_STANDARD_LIBRARIES = YES;
				BUNDLE_LOADER = "$(TEST_HOST)";
				CLANG_ENABLE_MODULES = YES;
				CODE_SIGN_STYLE = Automatic;
				INFOPLIST_FILE = "Shuffle SongsTests/Info.plist";
				LD_RUNPATH_SEARCH_PATHS = (
					"$(inherited)",
					"@executable_path/Frameworks",
					"@loader_path/Frameworks",
				);
				PRODUCT_BUNDLE_IDENTIFIER = "com.marcilio.shufflesongs.Shuffle-SongsTests";
				PRODUCT_NAME = "$(TARGET_NAME)";
				SWIFT_OPTIMIZATION_LEVEL = "-Onone";
				SWIFT_VERSION = 4.2;
				TARGETED_DEVICE_FAMILY = "1,2";
				TEST_HOST = "$(BUILT_PRODUCTS_DIR)/Shuffle Songs.app/Shuffle Songs";
			};
			name = Debug;
		};
		AD6CDA2621E63B6A00AF38FE /* Release */ = {
			isa = XCBuildConfiguration;
			baseConfigurationReference = A035B951D0B182DCA97D582C /* Pods-Shuffle SongsTests.release.xcconfig */;
			buildSettings = {
				ALWAYS_EMBED_SWIFT_STANDARD_LIBRARIES = YES;
				BUNDLE_LOADER = "$(TEST_HOST)";
				CLANG_ENABLE_MODULES = YES;
				CODE_SIGN_STYLE = Automatic;
				INFOPLIST_FILE = "Shuffle SongsTests/Info.plist";
				LD_RUNPATH_SEARCH_PATHS = (
					"$(inherited)",
					"@executable_path/Frameworks",
					"@loader_path/Frameworks",
				);
				PRODUCT_BUNDLE_IDENTIFIER = "com.marcilio.shufflesongs.Shuffle-SongsTests";
				PRODUCT_NAME = "$(TARGET_NAME)";
				SWIFT_VERSION = 4.2;
				TARGETED_DEVICE_FAMILY = "1,2";
				TEST_HOST = "$(BUILT_PRODUCTS_DIR)/Shuffle Songs.app/Shuffle Songs";
			};
			name = Release;
		};
		AD6CDA2821E63B6A00AF38FE /* Debug */ = {
			isa = XCBuildConfiguration;
			baseConfigurationReference = 9ECB189B94F6350A305D5331 /* Pods-Shuffle SongsUITests.debug.xcconfig */;
			buildSettings = {
				ALWAYS_EMBED_SWIFT_STANDARD_LIBRARIES = YES;
				CODE_SIGN_STYLE = Automatic;
				INFOPLIST_FILE = "Shuffle SongsUITests/Info.plist";
				LD_RUNPATH_SEARCH_PATHS = (
					"$(inherited)",
					"@executable_path/Frameworks",
					"@loader_path/Frameworks",
				);
				PRODUCT_BUNDLE_IDENTIFIER = "com.marcilio.shufflesongs.Shuffle-SongsUITests";
				PRODUCT_NAME = "$(TARGET_NAME)";
				SWIFT_VERSION = 4.2;
				TARGETED_DEVICE_FAMILY = "1,2";
				TEST_TARGET_NAME = "Shuffle Songs";
			};
			name = Debug;
		};
		AD6CDA2921E63B6A00AF38FE /* Release */ = {
			isa = XCBuildConfiguration;
			baseConfigurationReference = 728144658072344FDB4DF329 /* Pods-Shuffle SongsUITests.release.xcconfig */;
			buildSettings = {
				ALWAYS_EMBED_SWIFT_STANDARD_LIBRARIES = YES;
				CODE_SIGN_STYLE = Automatic;
				INFOPLIST_FILE = "Shuffle SongsUITests/Info.plist";
				LD_RUNPATH_SEARCH_PATHS = (
					"$(inherited)",
					"@executable_path/Frameworks",
					"@loader_path/Frameworks",
				);
				PRODUCT_BUNDLE_IDENTIFIER = "com.marcilio.shufflesongs.Shuffle-SongsUITests";
				PRODUCT_NAME = "$(TARGET_NAME)";
				SWIFT_VERSION = 4.2;
				TARGETED_DEVICE_FAMILY = "1,2";
				TEST_TARGET_NAME = "Shuffle Songs";
			};
			name = Release;
		};
		AD6CDA5221E642D600AF38FE /* Debug */ = {
			isa = XCBuildConfiguration;
			buildSettings = {
				CLANG_ENABLE_MODULES = YES;
				CODE_SIGN_IDENTITY = "";
				CODE_SIGN_STYLE = Automatic;
				CURRENT_PROJECT_VERSION = 1;
				DEFINES_MODULE = YES;
				DEVELOPMENT_TEAM = JE23YQ4BF5;
				DYLIB_COMPATIBILITY_VERSION = 1;
				DYLIB_CURRENT_VERSION = 1;
				DYLIB_INSTALL_NAME_BASE = "@rpath";
				INFOPLIST_FILE = "$(SRCROOT)/Shuffle Songs/Supporting Files/Info.plist";
				INSTALL_PATH = "$(LOCAL_LIBRARY_DIR)/Frameworks";
				LD_RUNPATH_SEARCH_PATHS = (
					"$(inherited)",
					"@executable_path/Frameworks",
					"@loader_path/Frameworks",
				);
				PRODUCT_BUNDLE_IDENTIFIER = com.marcilio.shufflesongs.Domain;
				PRODUCT_NAME = "$(TARGET_NAME:c99extidentifier)";
				SKIP_INSTALL = YES;
				SWIFT_OPTIMIZATION_LEVEL = "-Onone";
				SWIFT_VERSION = 4.2;
				TARGETED_DEVICE_FAMILY = "1,2";
				VERSIONING_SYSTEM = "apple-generic";
				VERSION_INFO_PREFIX = "";
			};
			name = Debug;
		};
		AD6CDA5321E642D600AF38FE /* Release */ = {
			isa = XCBuildConfiguration;
			buildSettings = {
				CLANG_ENABLE_MODULES = YES;
				CODE_SIGN_IDENTITY = "";
				CODE_SIGN_STYLE = Automatic;
				CURRENT_PROJECT_VERSION = 1;
				DEFINES_MODULE = YES;
				DEVELOPMENT_TEAM = JE23YQ4BF5;
				DYLIB_COMPATIBILITY_VERSION = 1;
				DYLIB_CURRENT_VERSION = 1;
				DYLIB_INSTALL_NAME_BASE = "@rpath";
				INFOPLIST_FILE = "$(SRCROOT)/Shuffle Songs/Supporting Files/Info.plist";
				INSTALL_PATH = "$(LOCAL_LIBRARY_DIR)/Frameworks";
				LD_RUNPATH_SEARCH_PATHS = (
					"$(inherited)",
					"@executable_path/Frameworks",
					"@loader_path/Frameworks",
				);
				PRODUCT_BUNDLE_IDENTIFIER = com.marcilio.shufflesongs.Domain;
				PRODUCT_NAME = "$(TARGET_NAME:c99extidentifier)";
				SKIP_INSTALL = YES;
				SWIFT_VERSION = 4.2;
				TARGETED_DEVICE_FAMILY = "1,2";
				VERSIONING_SYSTEM = "apple-generic";
				VERSION_INFO_PREFIX = "";
			};
			name = Release;
		};
		AD6CDA8C21E6C93200AF38FE /* Debug */ = {
			isa = XCBuildConfiguration;
			buildSettings = {
				CLANG_ENABLE_MODULES = YES;
				CODE_SIGN_IDENTITY = "";
				CODE_SIGN_STYLE = Automatic;
				CURRENT_PROJECT_VERSION = 1;
				DEFINES_MODULE = YES;
				DEVELOPMENT_TEAM = JE23YQ4BF5;
				DYLIB_COMPATIBILITY_VERSION = 1;
				DYLIB_CURRENT_VERSION = 1;
				DYLIB_INSTALL_NAME_BASE = "@rpath";
				INFOPLIST_FILE = APIProvider/Info.plist;
				INSTALL_PATH = "$(LOCAL_LIBRARY_DIR)/Frameworks";
				LD_RUNPATH_SEARCH_PATHS = (
					"$(inherited)",
					"@executable_path/Frameworks",
					"@loader_path/Frameworks",
				);
				PRODUCT_BUNDLE_IDENTIFIER = com.marcilio.shufflesongs.APIProvider;
				PRODUCT_NAME = "$(TARGET_NAME:c99extidentifier)";
				SKIP_INSTALL = YES;
				SWIFT_OPTIMIZATION_LEVEL = "-Onone";
				SWIFT_VERSION = 4.2;
				TARGETED_DEVICE_FAMILY = "1,2";
				VERSIONING_SYSTEM = "apple-generic";
				VERSION_INFO_PREFIX = "";
			};
			name = Debug;
		};
		AD6CDA8D21E6C93200AF38FE /* Release */ = {
			isa = XCBuildConfiguration;
			buildSettings = {
				CLANG_ENABLE_MODULES = YES;
				CODE_SIGN_IDENTITY = "";
				CODE_SIGN_STYLE = Automatic;
				CURRENT_PROJECT_VERSION = 1;
				DEFINES_MODULE = YES;
				DEVELOPMENT_TEAM = JE23YQ4BF5;
				DYLIB_COMPATIBILITY_VERSION = 1;
				DYLIB_CURRENT_VERSION = 1;
				DYLIB_INSTALL_NAME_BASE = "@rpath";
				INFOPLIST_FILE = APIProvider/Info.plist;
				INSTALL_PATH = "$(LOCAL_LIBRARY_DIR)/Frameworks";
				LD_RUNPATH_SEARCH_PATHS = (
					"$(inherited)",
					"@executable_path/Frameworks",
					"@loader_path/Frameworks",
				);
				PRODUCT_BUNDLE_IDENTIFIER = com.marcilio.shufflesongs.APIProvider;
				PRODUCT_NAME = "$(TARGET_NAME:c99extidentifier)";
				SKIP_INSTALL = YES;
				SWIFT_VERSION = 4.2;
				TARGETED_DEVICE_FAMILY = "1,2";
				VERSIONING_SYSTEM = "apple-generic";
				VERSION_INFO_PREFIX = "";
			};
			name = Release;
		};
		AD7F08A621E94840004B39F0 /* Debug */ = {
			isa = XCBuildConfiguration;
			buildSettings = {
				CODE_SIGN_STYLE = Automatic;
				INFOPLIST_FILE = APIProviderTests/Info.plist;
				LD_RUNPATH_SEARCH_PATHS = (
					"$(inherited)",
					"@executable_path/Frameworks",
					"@loader_path/Frameworks",
				);
				PRODUCT_BUNDLE_IDENTIFIER = com.marcilio.shufflesongs.APIProviderTests;
				PRODUCT_NAME = "$(TARGET_NAME)";
				SWIFT_VERSION = 4.2;
				TARGETED_DEVICE_FAMILY = "1,2";
			};
			name = Debug;
		};
		AD7F08A721E94840004B39F0 /* Release */ = {
			isa = XCBuildConfiguration;
			buildSettings = {
				CODE_SIGN_STYLE = Automatic;
				INFOPLIST_FILE = APIProviderTests/Info.plist;
				LD_RUNPATH_SEARCH_PATHS = (
					"$(inherited)",
					"@executable_path/Frameworks",
					"@loader_path/Frameworks",
				);
				PRODUCT_BUNDLE_IDENTIFIER = com.marcilio.shufflesongs.APIProviderTests;
				PRODUCT_NAME = "$(TARGET_NAME)";
				SWIFT_VERSION = 4.2;
				TARGETED_DEVICE_FAMILY = "1,2";
			};
			name = Release;
		};
		ADF5662A21E7FA3B007EDAC8 /* Debug */ = {
			isa = XCBuildConfiguration;
			buildSettings = {
				CODE_SIGN_STYLE = Automatic;
				INFOPLIST_FILE = DomainTests/Info.plist;
				LD_RUNPATH_SEARCH_PATHS = (
					"$(inherited)",
					"@executable_path/Frameworks",
					"@loader_path/Frameworks",
				);
				PRODUCT_BUNDLE_IDENTIFIER = com.marcilio.shufflesongs.DomainTests;
				PRODUCT_NAME = "$(TARGET_NAME)";
				SWIFT_VERSION = 4.2;
				TARGETED_DEVICE_FAMILY = "1,2";
			};
			name = Debug;
		};
		ADF5662B21E7FA3B007EDAC8 /* Release */ = {
			isa = XCBuildConfiguration;
			buildSettings = {
				CODE_SIGN_STYLE = Automatic;
				INFOPLIST_FILE = DomainTests/Info.plist;
				LD_RUNPATH_SEARCH_PATHS = (
					"$(inherited)",
					"@executable_path/Frameworks",
					"@loader_path/Frameworks",
				);
				PRODUCT_BUNDLE_IDENTIFIER = com.marcilio.shufflesongs.DomainTests;
				PRODUCT_NAME = "$(TARGET_NAME)";
				SWIFT_VERSION = 4.2;
				TARGETED_DEVICE_FAMILY = "1,2";
			};
			name = Release;
		};
/* End XCBuildConfiguration section */

/* Begin XCConfigurationList section */
		AD6CD9F421E63B5A00AF38FE /* Build configuration list for PBXProject "Shuffle Songs" */ = {
			isa = XCConfigurationList;
			buildConfigurations = (
				AD6CDA1F21E63B6A00AF38FE /* Debug */,
				AD6CDA2021E63B6A00AF38FE /* Release */,
			);
			defaultConfigurationIsVisible = 0;
			defaultConfigurationName = Release;
		};
		AD6CDA2121E63B6A00AF38FE /* Build configuration list for PBXNativeTarget "Shuffle Songs" */ = {
			isa = XCConfigurationList;
			buildConfigurations = (
				AD6CDA2221E63B6A00AF38FE /* Debug */,
				AD6CDA2321E63B6A00AF38FE /* Release */,
			);
			defaultConfigurationIsVisible = 0;
			defaultConfigurationName = Release;
		};
		AD6CDA2421E63B6A00AF38FE /* Build configuration list for PBXNativeTarget "Shuffle SongsTests" */ = {
			isa = XCConfigurationList;
			buildConfigurations = (
				AD6CDA2521E63B6A00AF38FE /* Debug */,
				AD6CDA2621E63B6A00AF38FE /* Release */,
			);
			defaultConfigurationIsVisible = 0;
			defaultConfigurationName = Release;
		};
		AD6CDA2721E63B6A00AF38FE /* Build configuration list for PBXNativeTarget "Shuffle SongsUITests" */ = {
			isa = XCConfigurationList;
			buildConfigurations = (
				AD6CDA2821E63B6A00AF38FE /* Debug */,
				AD6CDA2921E63B6A00AF38FE /* Release */,
			);
			defaultConfigurationIsVisible = 0;
			defaultConfigurationName = Release;
		};
		AD6CDA5421E642D600AF38FE /* Build configuration list for PBXNativeTarget "Domain" */ = {
			isa = XCConfigurationList;
			buildConfigurations = (
				AD6CDA5221E642D600AF38FE /* Debug */,
				AD6CDA5321E642D600AF38FE /* Release */,
			);
			defaultConfigurationIsVisible = 0;
			defaultConfigurationName = Release;
		};
		AD6CDA8B21E6C93200AF38FE /* Build configuration list for PBXNativeTarget "APIProvider" */ = {
			isa = XCConfigurationList;
			buildConfigurations = (
				AD6CDA8C21E6C93200AF38FE /* Debug */,
				AD6CDA8D21E6C93200AF38FE /* Release */,
			);
			defaultConfigurationIsVisible = 0;
			defaultConfigurationName = Release;
		};
		AD7F08A521E94840004B39F0 /* Build configuration list for PBXNativeTarget "APIProviderTests" */ = {
			isa = XCConfigurationList;
			buildConfigurations = (
				AD7F08A621E94840004B39F0 /* Debug */,
				AD7F08A721E94840004B39F0 /* Release */,
			);
			defaultConfigurationIsVisible = 0;
			defaultConfigurationName = Release;
		};
		ADF5662C21E7FA3B007EDAC8 /* Build configuration list for PBXNativeTarget "DomainTests" */ = {
			isa = XCConfigurationList;
			buildConfigurations = (
				ADF5662A21E7FA3B007EDAC8 /* Debug */,
				ADF5662B21E7FA3B007EDAC8 /* Release */,
			);
			defaultConfigurationIsVisible = 0;
			defaultConfigurationName = Release;
		};
/* End XCConfigurationList section */
	};
	rootObject = AD6CD9F121E63B5A00AF38FE /* Project object */;
}
